// !$*UTF8*$!
{
	archiveVersion = 1;
	classes = {
	};
	objectVersion = 50;
	objects = {

/* Begin PBXBuildFile section */
		3091CDF642F928B05D1E9657 /* Pods_FlixDemo.framework in Frameworks */ = {isa = PBXBuildFile; fileRef = C68DECFC57CFAC0577BE8B67 /* Pods_FlixDemo.framework */; };
		5F669059778482C37EA1D4B7 /* Pods_FlixDemoUITests.framework in Frameworks */ = {isa = PBXBuildFile; fileRef = 9B1549F5DD5B326B9B0E9039 /* Pods_FlixDemoUITests.framework */; };
		9B88A3B03EEE1A236429A69B /* Pods_FlixDemoTests.framework in Frameworks */ = {isa = PBXBuildFile; fileRef = 166FB4A433217115CC9B08B7 /* Pods_FlixDemoTests.framework */; };
		CE296F172161669700DD25DA /* AppDelegate.swift in Sources */ = {isa = PBXBuildFile; fileRef = CE296F162161669700DD25DA /* AppDelegate.swift */; };
		CE296F1C2161669700DD25DA /* Main.storyboard in Resources */ = {isa = PBXBuildFile; fileRef = CE296F1A2161669700DD25DA /* Main.storyboard */; };
		CE296F1E2161669800DD25DA /* Assets.xcassets in Resources */ = {isa = PBXBuildFile; fileRef = CE296F1D2161669800DD25DA /* Assets.xcassets */; };
		CE296F212161669800DD25DA /* LaunchScreen.storyboard in Resources */ = {isa = PBXBuildFile; fileRef = CE296F1F2161669800DD25DA /* LaunchScreen.storyboard */; };
		CE296F2C2161669800DD25DA /* FlixDemoTests.swift in Sources */ = {isa = PBXBuildFile; fileRef = CE296F2B2161669800DD25DA /* FlixDemoTests.swift */; };
		CE296F372161669800DD25DA /* FlixDemoUITests.swift in Sources */ = {isa = PBXBuildFile; fileRef = CE296F362161669800DD25DA /* FlixDemoUITests.swift */; };
		CE296F4521617AA800DD25DA /* NowPlayingViewController.swift in Sources */ = {isa = PBXBuildFile; fileRef = CE296F4421617AA800DD25DA /* NowPlayingViewController.swift */; };
		CE8E2E8F21631855001784D3 /* MovieCell.swift in Sources */ = {isa = PBXBuildFile; fileRef = CE296F462161985900DD25DA /* MovieCell.swift */; };
		CE8E2E9321632472001784D3 /* DetailViewController.swift in Sources */ = {isa = PBXBuildFile; fileRef = CE8E2E9221632472001784D3 /* DetailViewController.swift */; };
		CE8E2E9521633E9F001784D3 /* PosterCell.swift in Sources */ = {isa = PBXBuildFile; fileRef = CE8E2E9421633E9F001784D3 /* PosterCell.swift */; };
		CE8E2E9721633EEB001784D3 /* SuperheroViewController.swift in Sources */ = {isa = PBXBuildFile; fileRef = CE8E2E9621633EEB001784D3 /* SuperheroViewController.swift */; };
		CEFA3C2D21790B0900244741 /* Movie.swift in Sources */ = {isa = PBXBuildFile; fileRef = CEFA3C2C21790B0900244741 /* Movie.swift */; };
		CEFA3C2F2179110500244741 /* MovieApiManager.swift in Sources */ = {isa = PBXBuildFile; fileRef = CEFA3C2E2179110500244741 /* MovieApiManager.swift */; };
/* End PBXBuildFile section */

/* Begin PBXContainerItemProxy section */
		CE296F282161669800DD25DA /* PBXContainerItemProxy */ = {
			isa = PBXContainerItemProxy;
			containerPortal = CE296F0B2161669600DD25DA /* Project object */;
			proxyType = 1;
			remoteGlobalIDString = CE296F122161669700DD25DA;
			remoteInfo = FlixDemo;
		};
		CE296F332161669800DD25DA /* PBXContainerItemProxy */ = {
			isa = PBXContainerItemProxy;
			containerPortal = CE296F0B2161669600DD25DA /* Project object */;
			proxyType = 1;
			remoteGlobalIDString = CE296F122161669700DD25DA;
			remoteInfo = FlixDemo;
		};
/* End PBXContainerItemProxy section */

/* Begin PBXFileReference section */
		0EDBFC3B36E2850C0310BB95 /* Pods-FlixDemo.debug.xcconfig */ = {isa = PBXFileReference; includeInIndex = 1; lastKnownFileType = text.xcconfig; name = "Pods-FlixDemo.debug.xcconfig"; path = "Pods/Target Support Files/Pods-FlixDemo/Pods-FlixDemo.debug.xcconfig"; sourceTree = "<group>"; };
		166FB4A433217115CC9B08B7 /* Pods_FlixDemoTests.framework */ = {isa = PBXFileReference; explicitFileType = wrapper.framework; includeInIndex = 0; path = Pods_FlixDemoTests.framework; sourceTree = BUILT_PRODUCTS_DIR; };
		55D835D23C554040B6FC9A53 /* Pods-FlixDemoUITests.debug.xcconfig */ = {isa = PBXFileReference; includeInIndex = 1; lastKnownFileType = text.xcconfig; name = "Pods-FlixDemoUITests.debug.xcconfig"; path = "Pods/Target Support Files/Pods-FlixDemoUITests/Pods-FlixDemoUITests.debug.xcconfig"; sourceTree = "<group>"; };
		5D640878E21E42AD719B7BF5 /* Pods-FlixDemoUITests.release.xcconfig */ = {isa = PBXFileReference; includeInIndex = 1; lastKnownFileType = text.xcconfig; name = "Pods-FlixDemoUITests.release.xcconfig"; path = "Pods/Target Support Files/Pods-FlixDemoUITests/Pods-FlixDemoUITests.release.xcconfig"; sourceTree = "<group>"; };
		7487BEEF8500DE5AD8F87EA3 /* Pods-FlixDemo.release.xcconfig */ = {isa = PBXFileReference; includeInIndex = 1; lastKnownFileType = text.xcconfig; name = "Pods-FlixDemo.release.xcconfig"; path = "Pods/Target Support Files/Pods-FlixDemo/Pods-FlixDemo.release.xcconfig"; sourceTree = "<group>"; };
		7AA919EAD2439BA0F0DC3C65 /* Pods-FlixDemoTests.debug.xcconfig */ = {isa = PBXFileReference; includeInIndex = 1; lastKnownFileType = text.xcconfig; name = "Pods-FlixDemoTests.debug.xcconfig"; path = "Pods/Target Support Files/Pods-FlixDemoTests/Pods-FlixDemoTests.debug.xcconfig"; sourceTree = "<group>"; };
		83C928DBF3A69C737A1A1989 /* Pods-FlixDemoTests.release.xcconfig */ = {isa = PBXFileReference; includeInIndex = 1; lastKnownFileType = text.xcconfig; name = "Pods-FlixDemoTests.release.xcconfig"; path = "Pods/Target Support Files/Pods-FlixDemoTests/Pods-FlixDemoTests.release.xcconfig"; sourceTree = "<group>"; };
		9B1549F5DD5B326B9B0E9039 /* Pods_FlixDemoUITests.framework */ = {isa = PBXFileReference; explicitFileType = wrapper.framework; includeInIndex = 0; path = Pods_FlixDemoUITests.framework; sourceTree = BUILT_PRODUCTS_DIR; };
		C68DECFC57CFAC0577BE8B67 /* Pods_FlixDemo.framework */ = {isa = PBXFileReference; explicitFileType = wrapper.framework; includeInIndex = 0; path = Pods_FlixDemo.framework; sourceTree = BUILT_PRODUCTS_DIR; };
		CE296F132161669700DD25DA /* FlixDemo.app */ = {isa = PBXFileReference; explicitFileType = wrapper.application; includeInIndex = 0; path = FlixDemo.app; sourceTree = BUILT_PRODUCTS_DIR; };
		CE296F162161669700DD25DA /* AppDelegate.swift */ = {isa = PBXFileReference; lastKnownFileType = sourcecode.swift; path = AppDelegate.swift; sourceTree = "<group>"; };
		CE296F1B2161669700DD25DA /* Base */ = {isa = PBXFileReference; lastKnownFileType = file.storyboard; name = Base; path = Base.lproj/Main.storyboard; sourceTree = "<group>"; };
		CE296F1D2161669800DD25DA /* Assets.xcassets */ = {isa = PBXFileReference; lastKnownFileType = folder.assetcatalog; path = Assets.xcassets; sourceTree = "<group>"; };
		CE296F202161669800DD25DA /* Base */ = {isa = PBXFileReference; lastKnownFileType = file.storyboard; name = Base; path = Base.lproj/LaunchScreen.storyboard; sourceTree = "<group>"; };
		CE296F222161669800DD25DA /* Info.plist */ = {isa = PBXFileReference; lastKnownFileType = text.plist.xml; path = Info.plist; sourceTree = "<group>"; };
		CE296F272161669800DD25DA /* FlixDemoTests.xctest */ = {isa = PBXFileReference; explicitFileType = wrapper.cfbundle; includeInIndex = 0; path = FlixDemoTests.xctest; sourceTree = BUILT_PRODUCTS_DIR; };
		CE296F2B2161669800DD25DA /* FlixDemoTests.swift */ = {isa = PBXFileReference; lastKnownFileType = sourcecode.swift; path = FlixDemoTests.swift; sourceTree = "<group>"; };
		CE296F2D2161669800DD25DA /* Info.plist */ = {isa = PBXFileReference; lastKnownFileType = text.plist.xml; path = Info.plist; sourceTree = "<group>"; };
		CE296F322161669800DD25DA /* FlixDemoUITests.xctest */ = {isa = PBXFileReference; explicitFileType = wrapper.cfbundle; includeInIndex = 0; path = FlixDemoUITests.xctest; sourceTree = BUILT_PRODUCTS_DIR; };
		CE296F362161669800DD25DA /* FlixDemoUITests.swift */ = {isa = PBXFileReference; lastKnownFileType = sourcecode.swift; path = FlixDemoUITests.swift; sourceTree = "<group>"; };
		CE296F382161669800DD25DA /* Info.plist */ = {isa = PBXFileReference; lastKnownFileType = text.plist.xml; path = Info.plist; sourceTree = "<group>"; };
		CE296F4421617AA800DD25DA /* NowPlayingViewController.swift */ = {isa = PBXFileReference; lastKnownFileType = sourcecode.swift; path = NowPlayingViewController.swift; sourceTree = "<group>"; };
		CE296F462161985900DD25DA /* MovieCell.swift */ = {isa = PBXFileReference; lastKnownFileType = sourcecode.swift; path = MovieCell.swift; sourceTree = "<group>"; };
		CE8E2E9221632472001784D3 /* DetailViewController.swift */ = {isa = PBXFileReference; lastKnownFileType = sourcecode.swift; path = DetailViewController.swift; sourceTree = "<group>"; };
		CE8E2E9421633E9F001784D3 /* PosterCell.swift */ = {isa = PBXFileReference; lastKnownFileType = sourcecode.swift; path = PosterCell.swift; sourceTree = "<group>"; };
		CE8E2E9621633EEB001784D3 /* SuperheroViewController.swift */ = {isa = PBXFileReference; lastKnownFileType = sourcecode.swift; path = SuperheroViewController.swift; sourceTree = "<group>"; };
		CEFA3C2C21790B0900244741 /* Movie.swift */ = {isa = PBXFileReference; lastKnownFileType = sourcecode.swift; path = Movie.swift; sourceTree = "<group>"; };
		CEFA3C2E2179110500244741 /* MovieApiManager.swift */ = {isa = PBXFileReference; lastKnownFileType = sourcecode.swift; path = MovieApiManager.swift; sourceTree = "<group>"; };
/* End PBXFileReference section */

/* Begin PBXFrameworksBuildPhase section */
		CE296F102161669700DD25DA /* Frameworks */ = {
			isa = PBXFrameworksBuildPhase;
			buildActionMask = 2147483647;
			files = (
				3091CDF642F928B05D1E9657 /* Pods_FlixDemo.framework in Frameworks */,
			);
			runOnlyForDeploymentPostprocessing = 0;
		};
		CE296F242161669800DD25DA /* Frameworks */ = {
			isa = PBXFrameworksBuildPhase;
			buildActionMask = 2147483647;
			files = (
				9B88A3B03EEE1A236429A69B /* Pods_FlixDemoTests.framework in Frameworks */,
			);
			runOnlyForDeploymentPostprocessing = 0;
		};
		CE296F2F2161669800DD25DA /* Frameworks */ = {
			isa = PBXFrameworksBuildPhase;
			buildActionMask = 2147483647;
			files = (
				5F669059778482C37EA1D4B7 /* Pods_FlixDemoUITests.framework in Frameworks */,
			);
			runOnlyForDeploymentPostprocessing = 0;
		};
/* End PBXFrameworksBuildPhase section */

/* Begin PBXGroup section */
		22504001EFD90C18D95DBE1F /* Pods */ = {
			isa = PBXGroup;
			children = (
				0EDBFC3B36E2850C0310BB95 /* Pods-FlixDemo.debug.xcconfig */,
				7487BEEF8500DE5AD8F87EA3 /* Pods-FlixDemo.release.xcconfig */,
				7AA919EAD2439BA0F0DC3C65 /* Pods-FlixDemoTests.debug.xcconfig */,
				83C928DBF3A69C737A1A1989 /* Pods-FlixDemoTests.release.xcconfig */,
				55D835D23C554040B6FC9A53 /* Pods-FlixDemoUITests.debug.xcconfig */,
				5D640878E21E42AD719B7BF5 /* Pods-FlixDemoUITests.release.xcconfig */,
			);
			name = Pods;
			sourceTree = "<group>";
		};
		8B396627F67193FC63BED768 /* Frameworks */ = {
			isa = PBXGroup;
			children = (
				C68DECFC57CFAC0577BE8B67 /* Pods_FlixDemo.framework */,
				166FB4A433217115CC9B08B7 /* Pods_FlixDemoTests.framework */,
				9B1549F5DD5B326B9B0E9039 /* Pods_FlixDemoUITests.framework */,
			);
			name = Frameworks;
			sourceTree = "<group>";
		};
		CE296F0A2161669600DD25DA = {
			isa = PBXGroup;
			children = (
				CE296F152161669700DD25DA /* FlixDemo */,
				CE296F2A2161669800DD25DA /* FlixDemoTests */,
				CE296F352161669800DD25DA /* FlixDemoUITests */,
				CE296F142161669700DD25DA /* Products */,
				22504001EFD90C18D95DBE1F /* Pods */,
				8B396627F67193FC63BED768 /* Frameworks */,
			);
			sourceTree = "<group>";
		};
		CE296F142161669700DD25DA /* Products */ = {
			isa = PBXGroup;
			children = (
				CE296F132161669700DD25DA /* FlixDemo.app */,
				CE296F272161669800DD25DA /* FlixDemoTests.xctest */,
				CE296F322161669800DD25DA /* FlixDemoUITests.xctest */,
			);
			name = Products;
			sourceTree = "<group>";
		};
		CE296F152161669700DD25DA /* FlixDemo */ = {
			isa = PBXGroup;
			children = (
				CE8E2E912163242C001784D3 /* Views */,
				CE8E2E9021632408001784D3 /* ViewControllers */,
				CE296F162161669700DD25DA /* AppDelegate.swift */,
				CE296F1A2161669700DD25DA /* Main.storyboard */,
				CEFA3C2C21790B0900244741 /* Movie.swift */,
				CE296F1D2161669800DD25DA /* Assets.xcassets */,
				CE296F1F2161669800DD25DA /* LaunchScreen.storyboard */,
				CE296F222161669800DD25DA /* Info.plist */,
			);
			path = FlixDemo;
			sourceTree = "<group>";
		};
		CE296F2A2161669800DD25DA /* FlixDemoTests */ = {
			isa = PBXGroup;
			children = (
				CE296F2B2161669800DD25DA /* FlixDemoTests.swift */,
				CE296F2D2161669800DD25DA /* Info.plist */,
			);
			path = FlixDemoTests;
			sourceTree = "<group>";
		};
		CE296F352161669800DD25DA /* FlixDemoUITests */ = {
			isa = PBXGroup;
			children = (
				CE296F362161669800DD25DA /* FlixDemoUITests.swift */,
				CE296F382161669800DD25DA /* Info.plist */,
			);
			path = FlixDemoUITests;
			sourceTree = "<group>";
		};
		CE8E2E9021632408001784D3 /* ViewControllers */ = {
			isa = PBXGroup;
			children = (
				CE296F4421617AA800DD25DA /* NowPlayingViewController.swift */,
				CEFA3C2E2179110500244741 /* MovieApiManager.swift */,
				CE8E2E9221632472001784D3 /* DetailViewController.swift */,
				CE8E2E9621633EEB001784D3 /* SuperheroViewController.swift */,
			);
			path = ViewControllers;
			sourceTree = "<group>";
		};
		CE8E2E912163242C001784D3 /* Views */ = {
			isa = PBXGroup;
			children = (
				CE296F462161985900DD25DA /* MovieCell.swift */,
				CE8E2E9421633E9F001784D3 /* PosterCell.swift */,
			);
			path = Views;
			sourceTree = "<group>";
		};
/* End PBXGroup section */

/* Begin PBXNativeTarget section */
		CE296F122161669700DD25DA /* FlixDemo */ = {
			isa = PBXNativeTarget;
			buildConfigurationList = CE296F3B2161669800DD25DA /* Build configuration list for PBXNativeTarget "FlixDemo" */;
			buildPhases = (
				9CF2243DDF9152B78FC845D0 /* [CP] Check Pods Manifest.lock */,
				CE296F0F2161669700DD25DA /* Sources */,
				CE296F102161669700DD25DA /* Frameworks */,
				CE296F112161669700DD25DA /* Resources */,
				E32B6291DDF10D7B80A58FB7 /* [CP] Embed Pods Frameworks */,
			);
			buildRules = (
			);
			dependencies = (
			);
			name = FlixDemo;
			productName = FlixDemo;
			productReference = CE296F132161669700DD25DA /* FlixDemo.app */;
			productType = "com.apple.product-type.application";
		};
		CE296F262161669800DD25DA /* FlixDemoTests */ = {
			isa = PBXNativeTarget;
			buildConfigurationList = CE296F3E2161669800DD25DA /* Build configuration list for PBXNativeTarget "FlixDemoTests" */;
			buildPhases = (
				A6ADD0BB784E5E5230542B1A /* [CP] Check Pods Manifest.lock */,
				CE296F232161669800DD25DA /* Sources */,
				CE296F242161669800DD25DA /* Frameworks */,
				CE296F252161669800DD25DA /* Resources */,
			);
			buildRules = (
			);
			dependencies = (
				CE296F292161669800DD25DA /* PBXTargetDependency */,
			);
			name = FlixDemoTests;
			productName = FlixDemoTests;
			productReference = CE296F272161669800DD25DA /* FlixDemoTests.xctest */;
			productType = "com.apple.product-type.bundle.unit-test";
		};
		CE296F312161669800DD25DA /* FlixDemoUITests */ = {
			isa = PBXNativeTarget;
			buildConfigurationList = CE296F412161669800DD25DA /* Build configuration list for PBXNativeTarget "FlixDemoUITests" */;
			buildPhases = (
				B7538ABE899A4955C9145A0F /* [CP] Check Pods Manifest.lock */,
				CE296F2E2161669800DD25DA /* Sources */,
				CE296F2F2161669800DD25DA /* Frameworks */,
				CE296F302161669800DD25DA /* Resources */,
			);
			buildRules = (
			);
			dependencies = (
				CE296F342161669800DD25DA /* PBXTargetDependency */,
			);
			name = FlixDemoUITests;
			productName = FlixDemoUITests;
			productReference = CE296F322161669800DD25DA /* FlixDemoUITests.xctest */;
			productType = "com.apple.product-type.bundle.ui-testing";
		};
/* End PBXNativeTarget section */

/* Begin PBXProject section */
		CE296F0B2161669600DD25DA /* Project object */ = {
			isa = PBXProject;
			attributes = {
				LastSwiftUpdateCheck = 1010;
				LastUpgradeCheck = 1010;
				ORGANIZATIONNAME = "Leslie ";
				TargetAttributes = {
					CE296F122161669700DD25DA = {
						CreatedOnToolsVersion = 10.1;
					};
					CE296F262161669800DD25DA = {
						CreatedOnToolsVersion = 10.1;
						TestTargetID = CE296F122161669700DD25DA;
					};
					CE296F312161669800DD25DA = {
						CreatedOnToolsVersion = 10.1;
						TestTargetID = CE296F122161669700DD25DA;
					};
				};
			};
			buildConfigurationList = CE296F0E2161669600DD25DA /* Build configuration list for PBXProject "FlixDemo" */;
			compatibilityVersion = "Xcode 9.3";
			developmentRegion = en;
			hasScannedForEncodings = 0;
			knownRegions = (
				en,
				Base,
			);
			mainGroup = CE296F0A2161669600DD25DA;
			productRefGroup = CE296F142161669700DD25DA /* Products */;
			projectDirPath = "";
			projectRoot = "";
			targets = (
				CE296F122161669700DD25DA /* FlixDemo */,
				CE296F262161669800DD25DA /* FlixDemoTests */,
				CE296F312161669800DD25DA /* FlixDemoUITests */,
			);
		};
/* End PBXProject section */

/* Begin PBXResourcesBuildPhase section */
		CE296F112161669700DD25DA /* Resources */ = {
			isa = PBXResourcesBuildPhase;
			buildActionMask = 2147483647;
			files = (
				CE296F212161669800DD25DA /* LaunchScreen.storyboard in Resources */,
				CE296F1E2161669800DD25DA /* Assets.xcassets in Resources */,
				CE296F1C2161669700DD25DA /* Main.storyboard in Resources */,
			);
			runOnlyForDeploymentPostprocessing = 0;
		};
		CE296F252161669800DD25DA /* Resources */ = {
			isa = PBXResourcesBuildPhase;
			buildActionMask = 2147483647;
			files = (
			);
			runOnlyForDeploymentPostprocessing = 0;
		};
		CE296F302161669800DD25DA /* Resources */ = {
			isa = PBXResourcesBuildPhase;
			buildActionMask = 2147483647;
			files = (
			);
			runOnlyForDeploymentPostprocessing = 0;
		};
/* End PBXResourcesBuildPhase section */

/* Begin PBXShellScriptBuildPhase section */
		9CF2243DDF9152B78FC845D0 /* [CP] Check Pods Manifest.lock */ = {
			isa = PBXShellScriptBuildPhase;
			buildActionMask = 2147483647;
			files = (
			);
			inputFileListPaths = (
			);
			inputPaths = (
				"${PODS_PODFILE_DIR_PATH}/Podfile.lock",
				"${PODS_ROOT}/Manifest.lock",
			);
			name = "[CP] Check Pods Manifest.lock";
			outputFileListPaths = (
			);
			outputPaths = (
				"$(DERIVED_FILE_DIR)/Pods-FlixDemo-checkManifestLockResult.txt",
			);
			runOnlyForDeploymentPostprocessing = 0;
			shellPath = /bin/sh;
			shellScript = "diff \"${PODS_PODFILE_DIR_PATH}/Podfile.lock\" \"${PODS_ROOT}/Manifest.lock\" > /dev/null\nif [ $? != 0 ] ; then\n    # print error to STDERR\n    echo \"error: The sandbox is not in sync with the Podfile.lock. Run 'pod install' or update your CocoaPods installation.\" >&2\n    exit 1\nfi\n# This output is used by Xcode 'outputs' to avoid re-running this script phase.\necho \"SUCCESS\" > \"${SCRIPT_OUTPUT_FILE_0}\"\n";
			showEnvVarsInLog = 0;
		};
		A6ADD0BB784E5E5230542B1A /* [CP] Check Pods Manifest.lock */ = {
			isa = PBXShellScriptBuildPhase;
			buildActionMask = 2147483647;
			files = (
			);
			inputFileListPaths = (
			);
			inputPaths = (
				"${PODS_PODFILE_DIR_PATH}/Podfile.lock",
				"${PODS_ROOT}/Manifest.lock",
			);
			name = "[CP] Check Pods Manifest.lock";
			outputFileListPaths = (
			);
			outputPaths = (
				"$(DERIVED_FILE_DIR)/Pods-FlixDemoTests-checkManifestLockResult.txt",
			);
			runOnlyForDeploymentPostprocessing = 0;
			shellPath = /bin/sh;
			shellScript = "diff \"${PODS_PODFILE_DIR_PATH}/Podfile.lock\" \"${PODS_ROOT}/Manifest.lock\" > /dev/null\nif [ $? != 0 ] ; then\n    # print error to STDERR\n    echo \"error: The sandbox is not in sync with the Podfile.lock. Run 'pod install' or update your CocoaPods installation.\" >&2\n    exit 1\nfi\n# This output is used by Xcode 'outputs' to avoid re-running this script phase.\necho \"SUCCESS\" > \"${SCRIPT_OUTPUT_FILE_0}\"\n";
			showEnvVarsInLog = 0;
		};
		B7538ABE899A4955C9145A0F /* [CP] Check Pods Manifest.lock */ = {
			isa = PBXShellScriptBuildPhase;
			buildActionMask = 2147483647;
			files = (
			);
			inputFileListPaths = (
			);
			inputPaths = (
				"${PODS_PODFILE_DIR_PATH}/Podfile.lock",
				"${PODS_ROOT}/Manifest.lock",
			);
			name = "[CP] Check Pods Manifest.lock";
			outputFileListPaths = (
			);
			outputPaths = (
				"$(DERIVED_FILE_DIR)/Pods-FlixDemoUITests-checkManifestLockResult.txt",
			);
			runOnlyForDeploymentPostprocessing = 0;
			shellPath = /bin/sh;
			shellScript = "diff \"${PODS_PODFILE_DIR_PATH}/Podfile.lock\" \"${PODS_ROOT}/Manifest.lock\" > /dev/null\nif [ $? != 0 ] ; then\n    # print error to STDERR\n    echo \"error: The sandbox is not in sync with the Podfile.lock. Run 'pod install' or update your CocoaPods installation.\" >&2\n    exit 1\nfi\n# This output is used by Xcode 'outputs' to avoid re-running this script phase.\necho \"SUCCESS\" > \"${SCRIPT_OUTPUT_FILE_0}\"\n";
			showEnvVarsInLog = 0;
		};
		E32B6291DDF10D7B80A58FB7 /* [CP] Embed Pods Frameworks */ = {
			isa = PBXShellScriptBuildPhase;
			buildActionMask = 2147483647;
			files = (
			);
			inputFileListPaths = (
			);
			inputPaths = (
				"${SRCROOT}/Pods/Target Support Files/Pods-FlixDemo/Pods-FlixDemo-frameworks.sh",
				"${BUILT_PRODUCTS_DIR}/Alamofire/Alamofire.framework",
				"${BUILT_PRODUCTS_DIR}/AlamofireImage/AlamofireImage.framework",
			);
			name = "[CP] Embed Pods Frameworks";
			outputFileListPaths = (
			);
			outputPaths = (
				"${TARGET_BUILD_DIR}/${FRAMEWORKS_FOLDER_PATH}/Alamofire.framework",
				"${TARGET_BUILD_DIR}/${FRAMEWORKS_FOLDER_PATH}/AlamofireImage.framework",
			);
			runOnlyForDeploymentPostprocessing = 0;
			shellPath = /bin/sh;
			shellScript = "\"${SRCROOT}/Pods/Target Support Files/Pods-FlixDemo/Pods-FlixDemo-frameworks.sh\"\n";
			showEnvVarsInLog = 0;
		};
/* End PBXShellScriptBuildPhase section */

/* Begin PBXSourcesBuildPhase section */
		CE296F0F2161669700DD25DA /* Sources */ = {
			isa = PBXSourcesBuildPhase;
			buildActionMask = 2147483647;
			files = (
				CEFA3C2D21790B0900244741 /* Movie.swift in Sources */,
				CE296F4521617AA800DD25DA /* NowPlayingViewController.swift in Sources */,
				CE8E2E9521633E9F001784D3 /* PosterCell.swift in Sources */,
				CE8E2E9721633EEB001784D3 /* SuperheroViewController.swift in Sources */,
				CE296F172161669700DD25DA /* AppDelegate.swift in Sources */,
				CEFA3C2F2179110500244741 /* MovieApiManager.swift in Sources */,
				CE8E2E8F21631855001784D3 /* MovieCell.swift in Sources */,
				CE8E2E9321632472001784D3 /* DetailViewController.swift in Sources */,
			);
			runOnlyForDeploymentPostprocessing = 0;
		};
		CE296F232161669800DD25DA /* Sources */ = {
			isa = PBXSourcesBuildPhase;
			buildActionMask = 2147483647;
			files = (
				CE296F2C2161669800DD25DA /* FlixDemoTests.swift in Sources */,
			);
			runOnlyForDeploymentPostprocessing = 0;
		};
		CE296F2E2161669800DD25DA /* Sources */ = {
			isa = PBXSourcesBuildPhase;
			buildActionMask = 2147483647;
			files = (
				CE296F372161669800DD25DA /* FlixDemoUITests.swift in Sources */,
			);
			runOnlyForDeploymentPostprocessing = 0;
		};
/* End PBXSourcesBuildPhase section */

/* Begin PBXTargetDependency section */
		CE296F292161669800DD25DA /* PBXTargetDependency */ = {
			isa = PBXTargetDependency;
			target = CE296F122161669700DD25DA /* FlixDemo */;
			targetProxy = CE296F282161669800DD25DA /* PBXContainerItemProxy */;
		};
		CE296F342161669800DD25DA /* PBXTargetDependency */ = {
			isa = PBXTargetDependency;
			target = CE296F122161669700DD25DA /* FlixDemo */;
			targetProxy = CE296F332161669800DD25DA /* PBXContainerItemProxy */;
		};
/* End PBXTargetDependency section */

/* Begin PBXVariantGroup section */
		CE296F1A2161669700DD25DA /* Main.storyboard */ = {
			isa = PBXVariantGroup;
			children = (
				CE296F1B2161669700DD25DA /* Base */,
			);
			name = Main.storyboard;
			sourceTree = "<group>";
		};
		CE296F1F2161669800DD25DA /* LaunchScreen.storyboard */ = {
			isa = PBXVariantGroup;
			children = (
				CE296F202161669800DD25DA /* Base */,
			);
			name = LaunchScreen.storyboard;
			sourceTree = "<group>";
		};
/* End PBXVariantGroup section */

/* Begin XCBuildConfiguration section */
		CE296F392161669800DD25DA /* Debug */ = {
			isa = XCBuildConfiguration;
			buildSettings = {
				ALWAYS_SEARCH_USER_PATHS = NO;
				CLANG_ANALYZER_NONNULL = YES;
				CLANG_ANALYZER_NUMBER_OBJECT_CONVERSION = YES_AGGRESSIVE;
				CLANG_CXX_LANGUAGE_STANDARD = "gnu++14";
				CLANG_CXX_LIBRARY = "libc++";
				CLANG_ENABLE_MODULES = YES;
				CLANG_ENABLE_OBJC_ARC = YES;
				CLANG_ENABLE_OBJC_WEAK = YES;
				CLANG_WARN_BLOCK_CAPTURE_AUTORELEASING = YES;
				CLANG_WARN_BOOL_CONVERSION = YES;
				CLANG_WARN_COMMA = YES;
				CLANG_WARN_CONSTANT_CONVERSION = YES;
				CLANG_WARN_DEPRECATED_OBJC_IMPLEMENTATIONS = YES;
				CLANG_WARN_DIRECT_OBJC_ISA_USAGE = YES_ERROR;
				CLANG_WARN_DOCUMENTATION_COMMENTS = YES;
				CLANG_WARN_EMPTY_BODY = YES;
				CLANG_WARN_ENUM_CONVERSION = YES;
				CLANG_WARN_INFINITE_RECURSION = YES;
				CLANG_WARN_INT_CONVERSION = YES;
				CLANG_WARN_NON_LITERAL_NULL_CONVERSION = YES;
				CLANG_WARN_OBJC_IMPLICIT_RETAIN_SELF = YES;
				CLANG_WARN_OBJC_LITERAL_CONVERSION = YES;
				CLANG_WARN_OBJC_ROOT_CLASS = YES_ERROR;
				CLANG_WARN_RANGE_LOOP_ANALYSIS = YES;
				CLANG_WARN_STRICT_PROTOTYPES = YES;
				CLANG_WARN_SUSPICIOUS_MOVE = YES;
				CLANG_WARN_UNGUARDED_AVAILABILITY = YES_AGGRESSIVE;
				CLANG_WARN_UNREACHABLE_CODE = YES;
				CLANG_WARN__DUPLICATE_METHOD_MATCH = YES;
				CODE_SIGN_IDENTITY = "iPhone Developer";
				COPY_PHASE_STRIP = NO;
				DEBUG_INFORMATION_FORMAT = dwarf;
				ENABLE_STRICT_OBJC_MSGSEND = YES;
				ENABLE_TESTABILITY = YES;
				GCC_C_LANGUAGE_STANDARD = gnu11;
				GCC_DYNAMIC_NO_PIC = NO;
				GCC_NO_COMMON_BLOCKS = YES;
				GCC_OPTIMIZATION_LEVEL = 0;
				GCC_PREPROCESSOR_DEFINITIONS = (
					"DEBUG=1",
					"$(inherited)",
				);
				GCC_WARN_64_TO_32_BIT_CONVERSION = YES;
				GCC_WARN_ABOUT_RETURN_TYPE = YES_ERROR;
				GCC_WARN_UNDECLARED_SELECTOR = YES;
				GCC_WARN_UNINITIALIZED_AUTOS = YES_AGGRESSIVE;
				GCC_WARN_UNUSED_FUNCTION = YES;
				GCC_WARN_UNUSED_VARIABLE = YES;
				IPHONEOS_DEPLOYMENT_TARGET = 12.1;
				MTL_ENABLE_DEBUG_INFO = INCLUDE_SOURCE;
				MTL_FAST_MATH = YES;
				ONLY_ACTIVE_ARCH = YES;
				SDKROOT = iphoneos;
				SWIFT_ACTIVE_COMPILATION_CONDITIONS = DEBUG;
				SWIFT_OPTIMIZATION_LEVEL = "-Onone";
			};
			name = Debug;
		};
		CE296F3A2161669800DD25DA /* Release */ = {
			isa = XCBuildConfiguration;
			buildSettings = {
				ALWAYS_SEARCH_USER_PATHS = NO;
				CLANG_ANALYZER_NONNULL = YES;
				CLANG_ANALYZER_NUMBER_OBJECT_CONVERSION = YES_AGGRESSIVE;
				CLANG_CXX_LANGUAGE_STANDARD = "gnu++14";
				CLANG_CXX_LIBRARY = "libc++";
				CLANG_ENABLE_MODULES = YES;
				CLANG_ENABLE_OBJC_ARC = YES;
				CLANG_ENABLE_OBJC_WEAK = YES;
				CLANG_WARN_BLOCK_CAPTURE_AUTORELEASING = YES;
				CLANG_WARN_BOOL_CONVERSION = YES;
				CLANG_WARN_COMMA = YES;
				CLANG_WARN_CONSTANT_CONVERSION = YES;
				CLANG_WARN_DEPRECATED_OBJC_IMPLEMENTATIONS = YES;
				CLANG_WARN_DIRECT_OBJC_ISA_USAGE = YES_ERROR;
				CLANG_WARN_DOCUMENTATION_COMMENTS = YES;
				CLANG_WARN_EMPTY_BODY = YES;
				CLANG_WARN_ENUM_CONVERSION = YES;
				CLANG_WARN_INFINITE_RECURSION = YES;
				CLANG_WARN_INT_CONVERSION = YES;
				CLANG_WARN_NON_LITERAL_NULL_CONVERSION = YES;
				CLANG_WARN_OBJC_IMPLICIT_RETAIN_SELF = YES;
				CLANG_WARN_OBJC_LITERAL_CONVERSION = YES;
				CLANG_WARN_OBJC_ROOT_CLASS = YES_ERROR;
				CLANG_WARN_RANGE_LOOP_ANALYSIS = YES;
				CLANG_WARN_STRICT_PROTOTYPES = YES;
				CLANG_WARN_SUSPICIOUS_MOVE = YES;
				CLANG_WARN_UNGUARDED_AVAILABILITY = YES_AGGRESSIVE;
				CLANG_WARN_UNREACHABLE_CODE = YES;
				CLANG_WARN__DUPLICATE_METHOD_MATCH = YES;
				CODE_SIGN_IDENTITY = "iPhone Developer";
				COPY_PHASE_STRIP = NO;
				DEBUG_INFORMATION_FORMAT = "dwarf-with-dsym";
				ENABLE_NS_ASSERTIONS = NO;
				ENABLE_STRICT_OBJC_MSGSEND = YES;
				GCC_C_LANGUAGE_STANDARD = gnu11;
				GCC_NO_COMMON_BLOCKS = YES;
				GCC_WARN_64_TO_32_BIT_CONVERSION = YES;
				GCC_WARN_ABOUT_RETURN_TYPE = YES_ERROR;
				GCC_WARN_UNDECLARED_SELECTOR = YES;
				GCC_WARN_UNINITIALIZED_AUTOS = YES_AGGRESSIVE;
				GCC_WARN_UNUSED_FUNCTION = YES;
				GCC_WARN_UNUSED_VARIABLE = YES;
				IPHONEOS_DEPLOYMENT_TARGET = 12.1;
				MTL_ENABLE_DEBUG_INFO = NO;
				MTL_FAST_MATH = YES;
				SDKROOT = iphoneos;
				SWIFT_COMPILATION_MODE = wholemodule;
				SWIFT_OPTIMIZATION_LEVEL = "-O";
				VALIDATE_PRODUCT = YES;
			};
			name = Release;
		};
		CE296F3C2161669800DD25DA /* Debug */ = {
			isa = XCBuildConfiguration;
			baseConfigurationReference = 0EDBFC3B36E2850C0310BB95 /* Pods-FlixDemo.debug.xcconfig */;
			buildSettings = {
				ASSETCATALOG_COMPILER_APPICON_NAME = AppIcon;
				CODE_SIGN_STYLE = Automatic;
				INFOPLIST_FILE = FlixDemo/Info.plist;
				LD_RUNPATH_SEARCH_PATHS = (
					"$(inherited)",
					"@executable_path/Frameworks",
				);
				PRODUCT_BUNDLE_IDENTIFIER = Leslie.FlixDemo;
				PRODUCT_NAME = "$(TARGET_NAME)";
				SWIFT_VERSION = 4.2;
				TARGETED_DEVICE_FAMILY = "1,2";
			};
			name = Debug;
		};
		CE296F3D2161669800DD25DA /* Release */ = {
			isa = XCBuildConfiguration;
			baseConfigurationReference = 7487BEEF8500DE5AD8F87EA3 /* Pods-FlixDemo.release.xcconfig */;
			buildSettings = {
				ASSETCATALOG_COMPILER_APPICON_NAME = AppIcon;
				CODE_SIGN_STYLE = Automatic;
				INFOPLIST_FILE = FlixDemo/Info.plist;
				LD_RUNPATH_SEARCH_PATHS = (
					"$(inherited)",
					"@executable_path/Frameworks",
				);
				PRODUCT_BUNDLE_IDENTIFIER = Leslie.FlixDemo;
				PRODUCT_NAME = "$(TARGET_NAME)";
				SWIFT_VERSION = 4.2;
				TARGETED_DEVICE_FAMILY = "1,2";
			};
			name = Release;
		};
		CE296F3F2161669800DD25DA /* Debug */ = {
			isa = XCBuildConfiguration;
			baseConfigurationReference = 7AA919EAD2439BA0F0DC3C65 /* Pods-FlixDemoTests.debug.xcconfig */;
			buildSettings = {
				ALWAYS_EMBED_SWIFT_STANDARD_LIBRARIES = YES;
				BUNDLE_LOADER = "$(TEST_HOST)";
				CODE_SIGN_STYLE = Automatic;
				INFOPLIST_FILE = FlixDemoTests/Info.plist;
				LD_RUNPATH_SEARCH_PATHS = (
					"$(inherited)",
					"@executable_path/Frameworks",
					"@loader_path/Frameworks",
				);
				PRODUCT_BUNDLE_IDENTIFIER = Leslie.FlixDemoTests;
				PRODUCT_NAME = "$(TARGET_NAME)";
				SWIFT_VERSION = 4.2;
				TARGETED_DEVICE_FAMILY = "1,2";
				TEST_HOST = "$(BUILT_PRODUCTS_DIR)/FlixDemo.app/FlixDemo";
			};
			name = Debug;
		};
		CE296F402161669800DD25DA /* Release */ = {
			isa = XCBuildConfiguration;
			baseConfigurationReference = 83C928DBF3A69C737A1A1989 /* Pods-FlixDemoTests.release.xcconfig */;
			buildSettings = {
				ALWAYS_EMBED_SWIFT_STANDARD_LIBRARIES = YES;
				BUNDLE_LOADER = "$(TEST_HOST)";
				CODE_SIGN_STYLE = Automatic;
				INFOPLIST_FILE = FlixDemoTests/Info.plist;
				LD_RUNPATH_SEARCH_PATHS = (
					"$(inherited)",
					"@executable_path/Frameworks",
					"@loader_path/Frameworks",
				);
				PRODUCT_BUNDLE_IDENTIFIER = Leslie.FlixDemoTests;
				PRODUCT_NAME = "$(TARGET_NAME)";
				SWIFT_VERSION = 4.2;
				TARGETED_DEVICE_FAMILY = "1,2";
				TEST_HOST = "$(BUILT_PRODUCTS_DIR)/FlixDemo.app/FlixDemo";
			};
			name = Release;
		};
		CE296F422161669800DD25DA /* Debug */ = {
			isa = XCBuildConfiguration;
			baseConfigurationReference = 55D835D23C554040B6FC9A53 /* Pods-FlixDemoUITests.debug.xcconfig */;
			buildSettings = {
				ALWAYS_EMBED_SWIFT_STANDARD_LIBRARIES = YES;
				CODE_SIGN_STYLE = Automatic;
				INFOPLIST_FILE = FlixDemoUITests/Info.plist;
				LD_RUNPATH_SEARCH_PATHS = (
					"$(inherited)",
					"@executable_path/Frameworks",
					"@loader_path/Frameworks",
				);
				PRODUCT_BUNDLE_IDENTIFIER = Leslie.FlixDemoUITests;
				PRODUCT_NAME = "$(TARGET_NAME)";
				SWIFT_VERSION = 4.2;
				TARGETED_DEVICE_FAMILY = "1,2";
				TEST_TARGET_NAME = FlixDemo;
			};
			name = Debug;
		};
		CE296F432161669800DD25DA /* Release */ = {
			isa = XCBuildConfiguration;
			baseConfigurationReference = 5D640878E21E42AD719B7BF5 /* Pods-FlixDemoUITests.release.xcconfig */;
			buildSettings = {
				ALWAYS_EMBED_SWIFT_STANDARD_LIBRARIES = YES;
				CODE_SIGN_STYLE = Automatic;
				INFOPLIST_FILE = FlixDemoUITests/Info.plist;
				LD_RUNPATH_SEARCH_PATHS = (
					"$(inherited)",
					"@executable_path/Frameworks",
					"@loader_path/Frameworks",
				);
				PRODUCT_BUNDLE_IDENTIFIER = Leslie.FlixDemoUITests;
				PRODUCT_NAME = "$(TARGET_NAME)";
				SWIFT_VERSION = 4.2;
				TARGETED_DEVICE_FAMILY = "1,2";
				TEST_TARGET_NAME = FlixDemo;
			};
			name = Release;
		};
/* End XCBuildConfiguration section */

/* Begin XCConfigurationList section */
		CE296F0E2161669600DD25DA /* Build configuration list for PBXProject "FlixDemo" */ = {
			isa = XCConfigurationList;
			buildConfigurations = (
				CE296F392161669800DD25DA /* Debug */,
				CE296F3A2161669800DD25DA /* Release */,
			);
			defaultConfigurationIsVisible = 0;
			defaultConfigurationName = Release;
		};
		CE296F3B2161669800DD25DA /* Build configuration list for PBXNativeTarget "FlixDemo" */ = {
			isa = XCConfigurationList;
			buildConfigurations = (
				CE296F3C2161669800DD25DA /* Debug */,
				CE296F3D2161669800DD25DA /* Release */,
			);
			defaultConfigurationIsVisible = 0;
			defaultConfigurationName = Release;
		};
		CE296F3E2161669800DD25DA /* Build configuration list for PBXNativeTarget "FlixDemoTests" */ = {
			isa = XCConfigurationList;
			buildConfigurations = (
				CE296F3F2161669800DD25DA /* Debug */,
				CE296F402161669800DD25DA /* Release */,
			);
			defaultConfigurationIsVisible = 0;
			defaultConfigurationName = Release;
		};
		CE296F412161669800DD25DA /* Build configuration list for PBXNativeTarget "FlixDemoUITests" */ = {
			isa = XCConfigurationList;
			buildConfigurations = (
				CE296F422161669800DD25DA /* Debug */,
				CE296F432161669800DD25DA /* Release */,
			);
			defaultConfigurationIsVisible = 0;
			defaultConfigurationName = Release;
		};
/* End XCConfigurationList section */
	};
	rootObject = CE296F0B2161669600DD25DA /* Project object */;
}
